
Microsoft Visual Studio Solution File, Format Version 11.00
# Visual Studio 2010
Project("{8BC9CEB8-8B4A-11D0-8D11-00A0C91BC942}") = "数据结构大作业", "数据结构大作业\数据结构大作业.vcxproj", "{6A46EA70-EFC7-4464-96DF-5C87F8A01E8C}"
EndProject
Global
	GlobalSection(SolutionConfigurationPlatforms) = preSolution
		Debug|Win32 = Debug|Win32
		Release|Win32 = Release|Win32
	EndGlobalSection
	GlobalSection(ProjectConfigurationPlatforms) = postSolution
		{6A46EA70-EFC7-4464-96DF-5C87F8A01E8C}.Debug|Win32.ActiveCfg = Debug|Win32
		{6A46EA70-EFC7-4464-96DF-5C87F8A01E8C}.Debug|Win32.Build.0 = Debug|Win32
		{6A46EA70-EFC7-4464-96DF-5C87F8A01E8C}.Release|Win32.ActiveCfg = Release|Win32
		{6A46EA70-EFC7-4464-96DF-5C87F8A01E8C}.Release|Win32.Build.0 = Release|Win32
	EndGlobalSection
	GlobalSection(SolutionProperties) = preSolution
		HideSolutionNode = FALSE
	EndGlobalSection
EndGlobal
